// !$*UTF8*$!
{
	archiveVersion = 1;
	classes = {
	};
	objectVersion = 56;
	objects = {

/* Begin PBXBuildFile section */
		DD369BCF2CCD35510022331E /* AppDelegate.swift in Sources */ = {isa = PBXBuildFile; fileRef = DD369BCE2CCD35510022331E /* AppDelegate.swift */; };
		DD369BD12CCD35510022331E /* SceneDelegate.swift in Sources */ = {isa = PBXBuildFile; fileRef = DD369BD02CCD35510022331E /* SceneDelegate.swift */; };
		DD369BD32CCD35510022331E /* ViewController.swift in Sources */ = {isa = PBXBuildFile; fileRef = DD369BD22CCD35510022331E /* ViewController.swift */; };
		DD369BD82CCD35520022331E /* Assets.xcassets in Resources */ = {isa = PBXBuildFile; fileRef = DD369BD72CCD35520022331E /* Assets.xcassets */; };
		DD369BDB2CCD35520022331E /* Base in Resources */ = {isa = PBXBuildFile; fileRef = DD369BDA2CCD35520022331E /* Base */; };
		DD3B7A7C2CE273CD00B3DE74 /* Variables.swift in Sources */ = {isa = PBXBuildFile; fileRef = DD3B7A7B2CE273CD00B3DE74 /* Variables.swift */; };
		DD3B7A7E2CE273DD00B3DE74 /* Extensions.swift in Sources */ = {isa = PBXBuildFile; fileRef = DD3B7A7D2CE273DD00B3DE74 /* Extensions.swift */; };
		F9CCEE02D9664FE56021E4CF /* Pods_TrainStat.framework in Frameworks */ = {isa = PBXBuildFile; fileRef = A7DD832913D016BC70B07CC5 /* Pods_TrainStat.framework */; };
/* End PBXBuildFile section */

/* Begin PBXFileReference section */
		37CB1DFF58D50F949428E6CA /* Pods-TrainStat.debug.xcconfig */ = {isa = PBXFileReference; includeInIndex = 1; lastKnownFileType = text.xcconfig; name = "Pods-TrainStat.debug.xcconfig"; path = "Target Support Files/Pods-TrainStat/Pods-TrainStat.debug.xcconfig"; sourceTree = "<group>"; };
		A7DD832913D016BC70B07CC5 /* Pods_TrainStat.framework */ = {isa = PBXFileReference; explicitFileType = wrapper.framework; includeInIndex = 0; path = Pods_TrainStat.framework; sourceTree = BUILT_PRODUCTS_DIR; };
		B39E688E2DE8B45694F2E376 /* Pods-TrainStat.release.xcconfig */ = {isa = PBXFileReference; includeInIndex = 1; lastKnownFileType = text.xcconfig; name = "Pods-TrainStat.release.xcconfig"; path = "Target Support Files/Pods-TrainStat/Pods-TrainStat.release.xcconfig"; sourceTree = "<group>"; };
		DD369BCB2CCD35510022331E /* TrainStat.app */ = {isa = PBXFileReference; explicitFileType = wrapper.application; includeInIndex = 0; path = TrainStat.app; sourceTree = BUILT_PRODUCTS_DIR; };
		DD369BCE2CCD35510022331E /* AppDelegate.swift */ = {isa = PBXFileReference; lastKnownFileType = sourcecode.swift; path = AppDelegate.swift; sourceTree = "<group>"; };
		DD369BD02CCD35510022331E /* SceneDelegate.swift */ = {isa = PBXFileReference; lastKnownFileType = sourcecode.swift; path = SceneDelegate.swift; sourceTree = "<group>"; };
		DD369BD22CCD35510022331E /* ViewController.swift */ = {isa = PBXFileReference; lastKnownFileType = sourcecode.swift; path = ViewController.swift; sourceTree = "<group>"; };
		DD369BD72CCD35520022331E /* Assets.xcassets */ = {isa = PBXFileReference; lastKnownFileType = folder.assetcatalog; path = Assets.xcassets; sourceTree = "<group>"; };
		DD369BDA2CCD35520022331E /* Base */ = {isa = PBXFileReference; lastKnownFileType = file.storyboard; name = Base; path = Base.lproj/LaunchScreen.storyboard; sourceTree = "<group>"; };
		DD369BDC2CCD35520022331E /* Info.plist */ = {isa = PBXFileReference; lastKnownFileType = text.plist.xml; path = Info.plist; sourceTree = "<group>"; };
		DD3B7A7B2CE273CD00B3DE74 /* Variables.swift */ = {isa = PBXFileReference; lastKnownFileType = sourcecode.swift; path = Variables.swift; sourceTree = "<group>"; };
		DD3B7A7D2CE273DD00B3DE74 /* Extensions.swift */ = {isa = PBXFileReference; lastKnownFileType = sourcecode.swift; path = Extensions.swift; sourceTree = "<group>"; };
/* End PBXFileReference section */

/* Begin PBXFrameworksBuildPhase section */
		DD369BC82CCD35510022331E /* Frameworks */ = {
			isa = PBXFrameworksBuildPhase;
			buildActionMask = 2147483647;
			files = (
				F9CCEE02D9664FE56021E4CF /* Pods_TrainStat.framework in Frameworks */,
			);
			runOnlyForDeploymentPostprocessing = 0;
		};
/* End PBXFrameworksBuildPhase section */

/* Begin PBXGroup section */
		DB9BF90C28F741D105E84D56 /* Pods */ = {
			isa = PBXGroup;
			children = (
				37CB1DFF58D50F949428E6CA /* Pods-TrainStat.debug.xcconfig */,
				B39E688E2DE8B45694F2E376 /* Pods-TrainStat.release.xcconfig */,
			);
			path = Pods;
			sourceTree = "<group>";
		};
		DD369BC22CCD35510022331E = {
			isa = PBXGroup;
			children = (
				DD369BCD2CCD35510022331E /* TrainStat */,
				DD369BCC2CCD35510022331E /* Products */,
				DB9BF90C28F741D105E84D56 /* Pods */,
				E47B3E0E1CA7535879C6B061 /* Frameworks */,
			);
			sourceTree = "<group>";
		};
		DD369BCC2CCD35510022331E /* Products */ = {
			isa = PBXGroup;
			children = (
				DD369BCB2CCD35510022331E /* TrainStat.app */,
			);
			name = Products;
			sourceTree = "<group>";
		};
		DD369BCD2CCD35510022331E /* TrainStat */ = {
			isa = PBXGroup;
			children = (
				DD3B7A7A2CE273B200B3DE74 /* Global */,
				DD369BCE2CCD35510022331E /* AppDelegate.swift */,
				DD369BD02CCD35510022331E /* SceneDelegate.swift */,
				DD369BD22CCD35510022331E /* ViewController.swift */,
				DD369BD72CCD35520022331E /* Assets.xcassets */,
				DD369BD92CCD35520022331E /* LaunchScreen.storyboard */,
				DD369BDC2CCD35520022331E /* Info.plist */,
			);
			path = TrainStat;
			sourceTree = "<group>";
		};
		DD3B7A7A2CE273B200B3DE74 /* Global */ = {
			isa = PBXGroup;
			children = (
				DD3B7A7B2CE273CD00B3DE74 /* Variables.swift */,
				DD3B7A7D2CE273DD00B3DE74 /* Extensions.swift */,
			);
			path = Global;
			sourceTree = "<group>";
		};
		E47B3E0E1CA7535879C6B061 /* Frameworks */ = {
			isa = PBXGroup;
			children = (
				A7DD832913D016BC70B07CC5 /* Pods_TrainStat.framework */,
			);
			name = Frameworks;
			sourceTree = "<group>";
		};
/* End PBXGroup section */

/* Begin PBXNativeTarget section */
		DD369BCA2CCD35510022331E /* TrainStat */ = {
			isa = PBXNativeTarget;
			buildConfigurationList = DD369BDF2CCD35520022331E /* Build configuration list for PBXNativeTarget "TrainStat" */;
			buildPhases = (
				33A9F239B3B076B3505CB55C /* [CP] Check Pods Manifest.lock */,
				DD369BC72CCD35510022331E /* Sources */,
				DD369BC82CCD35510022331E /* Frameworks */,
				DD369BC92CCD35510022331E /* Resources */,
				DF02CDDFFB02A66B5CCD2F2E /* [CP] Embed Pods Frameworks */,
			);
			buildRules = (
			);
			dependencies = (
			);
			name = TrainStat;
			productName = TrainStat;
			productReference = DD369BCB2CCD35510022331E /* TrainStat.app */;
			productType = "com.apple.product-type.application";
		};
/* End PBXNativeTarget section */

/* Begin PBXProject section */
		DD369BC32CCD35510022331E /* Project object */ = {
			isa = PBXProject;
			attributes = {
				BuildIndependentTargetsInParallel = 1;
				LastSwiftUpdateCheck = 1540;
				LastUpgradeCheck = 1540;
				TargetAttributes = {
					DD369BCA2CCD35510022331E = {
						CreatedOnToolsVersion = 15.4;
					};
				};
			};
			buildConfigurationList = DD369BC62CCD35510022331E /* Build configuration list for PBXProject "TrainStat" */;
			compatibilityVersion = "Xcode 14.0";
			developmentRegion = en;
			hasScannedForEncodings = 0;
			knownRegions = (
				en,
				Base,
			);
			mainGroup = DD369BC22CCD35510022331E;
			productRefGroup = DD369BCC2CCD35510022331E /* Products */;
			projectDirPath = "";
			projectRoot = "";
			targets = (
				DD369BCA2CCD35510022331E /* TrainStat */,
			);
		};
/* End PBXProject section */

/* Begin PBXResourcesBuildPhase section */
		DD369BC92CCD35510022331E /* Resources */ = {
			isa = PBXResourcesBuildPhase;
			buildActionMask = 2147483647;
			files = (
				DD369BD82CCD35520022331E /* Assets.xcassets in Resources */,
				DD369BDB2CCD35520022331E /* Base in Resources */,
			);
			runOnlyForDeploymentPostprocessing = 0;
		};
/* End PBXResourcesBuildPhase section */

/* Begin PBXShellScriptBuildPhase section */
		33A9F239B3B076B3505CB55C /* [CP] Check Pods Manifest.lock */ = {
			isa = PBXShellScriptBuildPhase;
			buildActionMask = 2147483647;
			files = (
			);
			inputFileListPaths = (
			);
			inputPaths = (
				"${PODS_PODFILE_DIR_PATH}/Podfile.lock",
				"${PODS_ROOT}/Manifest.lock",
			);
			name = "[CP] Check Pods Manifest.lock";
			outputFileListPaths = (
			);
			outputPaths = (
				"$(DERIVED_FILE_DIR)/Pods-TrainStat-checkManifestLockResult.txt",
			);
			runOnlyForDeploymentPostprocessing = 0;
			shellPath = /bin/sh;
			shellScript = "diff \"${PODS_PODFILE_DIR_PATH}/Podfile.lock\" \"${PODS_ROOT}/Manifest.lock\" > /dev/null\nif [ $? != 0 ] ; then\n    # print error to STDERR\n    echo \"error: The sandbox is not in sync with the Podfile.lock. Run 'pod install' or update your CocoaPods installation.\" >&2\n    exit 1\nfi\n# This output is used by Xcode 'outputs' to avoid re-running this script phase.\necho \"SUCCESS\" > \"${SCRIPT_OUTPUT_FILE_0}\"\n";
			showEnvVarsInLog = 0;
		};
		DF02CDDFFB02A66B5CCD2F2E /* [CP] Embed Pods Frameworks */ = {
			isa = PBXShellScriptBuildPhase;
			buildActionMask = 2147483647;
			files = (
			);
			inputFileListPaths = (
				"${PODS_ROOT}/Target Support Files/Pods-TrainStat/Pods-TrainStat-frameworks-${CONFIGURATION}-input-files.xcfilelist",
			);
			name = "[CP] Embed Pods Frameworks";
			outputFileListPaths = (
				"${PODS_ROOT}/Target Support Files/Pods-TrainStat/Pods-TrainStat-frameworks-${CONFIGURATION}-output-files.xcfilelist",
			);
			runOnlyForDeploymentPostprocessing = 0;
			shellPath = /bin/sh;
			shellScript = "\"${PODS_ROOT}/Target Support Files/Pods-TrainStat/Pods-TrainStat-frameworks.sh\"\n";
			showEnvVarsInLog = 0;
		};
/* End PBXShellScriptBuildPhase section */

/* Begin PBXSourcesBuildPhase section */
		DD369BC72CCD35510022331E /* Sources */ = {
			isa = PBXSourcesBuildPhase;
			buildActionMask = 2147483647;
			files = (
				DD3B7A7E2CE273DD00B3DE74 /* Extensions.swift in Sources */,
				DD369BD32CCD35510022331E /* ViewController.swift in Sources */,
				DD369BCF2CCD35510022331E /* AppDelegate.swift in Sources */,
				DD369BD12CCD35510022331E /* SceneDelegate.swift in Sources */,
				DD3B7A7C2CE273CD00B3DE74 /* Variables.swift in Sources */,
			);
			runOnlyForDeploymentPostprocessing = 0;
		};
/* End PBXSourcesBuildPhase section */

/* Begin PBXVariantGroup section */
		DD369BD92CCD35520022331E /* LaunchScreen.storyboard */ = {
			isa = PBXVariantGroup;
			children = (
				DD369BDA2CCD35520022331E /* Base */,
			);
			name = LaunchScreen.storyboard;
			sourceTree = "<group>";
		};
/* End PBXVariantGroup section */

/* Begin XCBuildConfiguration section */
		DD369BDD2CCD35520022331E /* Debug */ = {
			isa = XCBuildConfiguration;
			buildSettings = {
				ALWAYS_SEARCH_USER_PATHS = NO;
				ASSETCATALOG_COMPILER_GENERATE_SWIFT_ASSET_SYMBOL_EXTENSIONS = YES;
				CLANG_ANALYZER_NONNULL = YES;
				CLANG_ANALYZER_NUMBER_OBJECT_CONVERSION = YES_AGGRESSIVE;
				CLANG_CXX_LANGUAGE_STANDARD = "gnu++20";
				CLANG_ENABLE_MODULES = YES;
				CLANG_ENABLE_OBJC_ARC = YES;
				CLANG_ENABLE_OBJC_WEAK = YES;
				CLANG_WARN_BLOCK_CAPTURE_AUTORELEASING = YES;
				CLANG_WARN_BOOL_CONVERSION = YES;
				CLANG_WARN_COMMA = YES;
				CLANG_WARN_CONSTANT_CONVERSION = YES;
				CLANG_WARN_DEPRECATED_OBJC_IMPLEMENTATIONS = YES;
				CLANG_WARN_DIRECT_OBJC_ISA_USAGE = YES_ERROR;
				CLANG_WARN_DOCUMENTATION_COMMENTS = YES;
				CLANG_WARN_EMPTY_BODY = YES;
				CLANG_WARN_ENUM_CONVERSION = YES;
				CLANG_WARN_INFINITE_RECURSION = YES;
				CLANG_WARN_INT_CONVERSION = YES;
				CLANG_WARN_NON_LITERAL_NULL_CONVERSION = YES;
				CLANG_WARN_OBJC_IMPLICIT_RETAIN_SELF = YES;
				CLANG_WARN_OBJC_LITERAL_CONVERSION = YES;
				CLANG_WARN_OBJC_ROOT_CLASS = YES_ERROR;
				CLANG_WARN_QUOTED_INCLUDE_IN_FRAMEWORK_HEADER = YES;
				CLANG_WARN_RANGE_LOOP_ANALYSIS = YES;
				CLANG_WARN_STRICT_PROTOTYPES = YES;
				CLANG_WARN_SUSPICIOUS_MOVE = YES;
				CLANG_WARN_UNGUARDED_AVAILABILITY = YES_AGGRESSIVE;
				CLANG_WARN_UNREACHABLE_CODE = YES;
				CLANG_WARN__DUPLICATE_METHOD_MATCH = YES;
				COPY_PHASE_STRIP = NO;
				DEBUG_INFORMATION_FORMAT = dwarf;
				ENABLE_STRICT_OBJC_MSGSEND = YES;
				ENABLE_TESTABILITY = YES;
				ENABLE_USER_SCRIPT_SANDBOXING = NO;
				GCC_C_LANGUAGE_STANDARD = gnu17;
				GCC_DYNAMIC_NO_PIC = NO;
				GCC_NO_COMMON_BLOCKS = YES;
				GCC_OPTIMIZATION_LEVEL = 0;
				GCC_PREPROCESSOR_DEFINITIONS = (
					"DEBUG=1",
					"$(inherited)",
				);
				GCC_WARN_64_TO_32_BIT_CONVERSION = YES;
				GCC_WARN_ABOUT_RETURN_TYPE = YES_ERROR;
				GCC_WARN_UNDECLARED_SELECTOR = YES;
				GCC_WARN_UNINITIALIZED_AUTOS = YES_AGGRESSIVE;
				GCC_WARN_UNUSED_FUNCTION = YES;
				GCC_WARN_UNUSED_VARIABLE = YES;
				IPHONEOS_DEPLOYMENT_TARGET = 16.0;
				LOCALIZATION_PREFERS_STRING_CATALOGS = YES;
				MTL_ENABLE_DEBUG_INFO = INCLUDE_SOURCE;
				MTL_FAST_MATH = YES;
				ONLY_ACTIVE_ARCH = YES;
				SDKROOT = iphoneos;
				SWIFT_ACTIVE_COMPILATION_CONDITIONS = "DEBUG $(inherited)";
				SWIFT_OPTIMIZATION_LEVEL = "-Onone";
			};
			name = Debug;
		};
		DD369BDE2CCD35520022331E /* Release */ = {
			isa = XCBuildConfiguration;
			buildSettings = {
				ALWAYS_SEARCH_USER_PATHS = NO;
				ASSETCATALOG_COMPILER_GENERATE_SWIFT_ASSET_SYMBOL_EXTENSIONS = YES;
				CLANG_ANALYZER_NONNULL = YES;
				CLANG_ANALYZER_NUMBER_OBJECT_CONVERSION = YES_AGGRESSIVE;
				CLANG_CXX_LANGUAGE_STANDARD = "gnu++20";
				CLANG_ENABLE_MODULES = YES;
				CLANG_ENABLE_OBJC_ARC = YES;
				CLANG_ENABLE_OBJC_WEAK = YES;
				CLANG_WARN_BLOCK_CAPTURE_AUTORELEASING = YES;
				CLANG_WARN_BOOL_CONVERSION = YES;
				CLANG_WARN_COMMA = YES;
				CLANG_WARN_CONSTANT_CONVERSION = YES;
				CLANG_WARN_DEPRECATED_OBJC_IMPLEMENTATIONS = YES;
				CLANG_WARN_DIRECT_OBJC_ISA_USAGE = YES_ERROR;
				CLANG_WARN_DOCUMENTATION_COMMENTS = YES;
				CLANG_WARN_EMPTY_BODY = YES;
				CLANG_WARN_ENUM_CONVERSION = YES;
				CLANG_WARN_INFINITE_RECURSION = YES;
				CLANG_WARN_INT_CONVERSION = YES;
				CLANG_WARN_NON_LITERAL_NULL_CONVERSION = YES;
				CLANG_WARN_OBJC_IMPLICIT_RETAIN_SELF = YES;
				CLANG_WARN_OBJC_LITERAL_CONVERSION = YES;
				CLANG_WARN_OBJC_ROOT_CLASS = YES_ERROR;
				CLANG_WARN_QUOTED_INCLUDE_IN_FRAMEWORK_HEADER = YES;
				CLANG_WARN_RANGE_LOOP_ANALYSIS = YES;
				CLANG_WARN_STRICT_PROTOTYPES = YES;
				CLANG_WARN_SUSPICIOUS_MOVE = YES;
				CLANG_WARN_UNGUARDED_AVAILABILITY = YES_AGGRESSIVE;
				CLANG_WARN_UNREACHABLE_CODE = YES;
				CLANG_WARN__DUPLICATE_METHOD_MATCH = YES;
				COPY_PHASE_STRIP = NO;
				DEBUG_INFORMATION_FORMAT = "dwarf-with-dsym";
				ENABLE_NS_ASSERTIONS = NO;
				ENABLE_STRICT_OBJC_MSGSEND = YES;
				ENABLE_USER_SCRIPT_SANDBOXING = NO;
				GCC_C_LANGUAGE_STANDARD = gnu17;
				GCC_NO_COMMON_BLOCKS = YES;
				GCC_WARN_64_TO_32_BIT_CONVERSION = YES;
				GCC_WARN_ABOUT_RETURN_TYPE = YES_ERROR;
				GCC_WARN_UNDECLARED_SELECTOR = YES;
				GCC_WARN_UNINITIALIZED_AUTOS = YES_AGGRESSIVE;
				GCC_WARN_UNUSED_FUNCTION = YES;
				GCC_WARN_UNUSED_VARIABLE = YES;
				IPHONEOS_DEPLOYMENT_TARGET = 16.0;
				LOCALIZATION_PREFERS_STRING_CATALOGS = YES;
				MTL_ENABLE_DEBUG_INFO = NO;
				MTL_FAST_MATH = YES;
				SDKROOT = iphoneos;
				SWIFT_COMPILATION_MODE = wholemodule;
				VALIDATE_PRODUCT = YES;
			};
			name = Release;
		};
		DD369BE02CCD35520022331E /* Debug */ = {
			isa = XCBuildConfiguration;
			baseConfigurationReference = 37CB1DFF58D50F949428E6CA /* Pods-TrainStat.debug.xcconfig */;
			buildSettings = {
				ASSETCATALOG_COMPILER_APPICON_NAME = AppIcon;
				ASSETCATALOG_COMPILER_GLOBAL_ACCENT_COLOR_NAME = AccentColor;
				CODE_SIGN_STYLE = Automatic;
				CURRENT_PROJECT_VERSION = 1;
				DEVELOPMENT_TEAM = J2F6X98HJC;
				GENERATE_INFOPLIST_FILE = YES;
				INFOPLIST_FILE = TrainStat/Info.plist;
				INFOPLIST_KEY_UIApplicationSupportsIndirectInputEvents = YES;
				INFOPLIST_KEY_UILaunchStoryboardName = LaunchScreen;
				INFOPLIST_KEY_UISupportedInterfaceOrientations = UIInterfaceOrientationPortrait;
				INFOPLIST_KEY_UISupportedInterfaceOrientations_iPad = "UIInterfaceOrientationLandscapeLeft UIInterfaceOrientationLandscapeRight UIInterfaceOrientationPortrait UIInterfaceOrientationPortraitUpsideDown";
				IPHONEOS_DEPLOYMENT_TARGET = 16.0;
				LD_RUNPATH_SEARCH_PATHS = (
					"$(inherited)",
					"@executable_path/Frameworks",
				);
				MARKETING_VERSION = 1.0;
				PRODUCT_BUNDLE_IDENTIFIER = "Prosto-PoKrasote.TrainStat";
				PRODUCT_NAME = "$(TARGET_NAME)";
				SUPPORTED_PLATFORMS = "iphoneos iphonesimulator";
				SUPPORTS_MACCATALYST = NO;
				SUPPORTS_MAC_DESIGNED_FOR_IPHONE_IPAD = NO;
				SUPPORTS_XR_DESIGNED_FOR_IPHONE_IPAD = NO;
				SWIFT_EMIT_LOC_STRINGS = YES;
				SWIFT_VERSION = 5.0;
				TARGETED_DEVICE_FAMILY = 1;
			};
			name = Debug;
		};
		DD369BE12CCD35520022331E /* Release */ = {
			isa = XCBuildConfiguration;
			baseConfigurationReference = B39E688E2DE8B45694F2E376 /* Pods-TrainStat.release.xcconfig */;
			buildSettings = {
				ASSETCATALOG_COMPILER_APPICON_NAME = AppIcon;
				ASSETCATALOG_COMPILER_GLOBAL_ACCENT_COLOR_NAME = AccentColor;
				CODE_SIGN_STYLE = Automatic;
				CURRENT_PROJECT_VERSION = 1;
				DEVELOPMENT_TEAM = J2F6X98HJC;
				GENERATE_INFOPLIST_FILE = YES;
				INFOPLIST_FILE = TrainStat/Info.plist;
				INFOPLIST_KEY_UIApplicationSupportsIndirectInputEvents = YES;
				INFOPLIST_KEY_UILaunchStoryboardName = LaunchScreen;
				INFOPLIST_KEY_UISupportedInterfaceOrientations = UIInterfaceOrientationPortrait;
				INFOPLIST_KEY_UISupportedInterfaceOrientations_iPad = "UIInterfaceOrientationLandscapeLeft UIInterfaceOrientationLandscapeRight UIInterfaceOrientationPortrait UIInterfaceOrientationPortraitUpsideDown";
				IPHONEOS_DEPLOYMENT_TARGET = 16.0;
				LD_RUNPATH_SEARCH_PATHS = (
					"$(inherited)",
					"@executable_path/Frameworks",
				);
				MARKETING_VERSION = 1.0;
				PRODUCT_BUNDLE_IDENTIFIER = "Prosto-PoKrasote.TrainStat";
				PRODUCT_NAME = "$(TARGET_NAME)";
				SUPPORTED_PLATFORMS = "iphoneos iphonesimulator";
				SUPPORTS_MACCATALYST = NO;
				SUPPORTS_MAC_DESIGNED_FOR_IPHONE_IPAD = NO;
				SUPPORTS_XR_DESIGNED_FOR_IPHONE_IPAD = NO;
				SWIFT_EMIT_LOC_STRINGS = YES;
				SWIFT_VERSION = 5.0;
				TARGETED_DEVICE_FAMILY = 1;
			};
			name = Release;
		};
/* End XCBuildConfiguration section */

/* Begin XCConfigurationList section */
		DD369BC62CCD35510022331E /* Build configuration list for PBXProject "TrainStat" */ = {
			isa = XCConfigurationList;
			buildConfigurations = (
				DD369BDD2CCD35520022331E /* Debug */,
				DD369BDE2CCD35520022331E /* Release */,
			);
			defaultConfigurationIsVisible = 0;
			defaultConfigurationName = Release;
		};
		DD369BDF2CCD35520022331E /* Build configuration list for PBXNativeTarget "TrainStat" */ = {
			isa = XCConfigurationList;
			buildConfigurations = (
				DD369BE02CCD35520022331E /* Debug */,
				DD369BE12CCD35520022331E /* Release */,
			);
			defaultConfigurationIsVisible = 0;
			defaultConfigurationName = Release;
		};
/* End XCConfigurationList section */
	};
	rootObject = DD369BC32CCD35510022331E /* Project object */;
}
