// !$*UTF8*$!
{
	archiveVersion = 1;
	classes = {
	};
	objectVersion = 56;
	objects = {

/* Begin PBXBuildFile section */
		DD369BCF2CCD35510022331E /* AppDelegate.swift in Sources */ = {isa = PBXBuildFile; fileRef = DD369BCE2CCD35510022331E /* AppDelegate.swift */; };
		DD369BD12CCD35510022331E /* SceneDelegate.swift in Sources */ = {isa = PBXBuildFile; fileRef = DD369BD02CCD35510022331E /* SceneDelegate.swift */; };
		DD369BD32CCD35510022331E /* ViewController.swift in Sources */ = {isa = PBXBuildFile; fileRef = DD369BD22CCD35510022331E /* ViewController.swift */; };
		DD369BD82CCD35520022331E /* Assets.xcassets in Resources */ = {isa = PBXBuildFile; fileRef = DD369BD72CCD35520022331E /* Assets.xcassets */; };
		DD369BDB2CCD35520022331E /* Base in Resources */ = {isa = PBXBuildFile; fileRef = DD369BDA2CCD35520022331E /* Base */; };
		DD3B7A7C2CE273CD00B3DE74 /* Variables.swift in Sources */ = {isa = PBXBuildFile; fileRef = DD3B7A7B2CE273CD00B3DE74 /* Variables.swift */; };
		DD3B7A7E2CE273DD00B3DE74 /* Extensions.swift in Sources */ = {isa = PBXBuildFile; fileRef = DD3B7A7D2CE273DD00B3DE74 /* Extensions.swift */; };
		DD3B7A822CE39F1100B3DE74 /* MainTabView.swift in Sources */ = {isa = PBXBuildFile; fileRef = DD3B7A812CE39F1100B3DE74 /* MainTabView.swift */; };
		DD3B7A882CE39FD800B3DE74 /* CustomTabView.swift in Sources */ = {isa = PBXBuildFile; fileRef = DD3B7A872CE39FD800B3DE74 /* CustomTabView.swift */; };
		DD3B7A8A2CE3A01900B3DE74 /* AccountView.swift in Sources */ = {isa = PBXBuildFile; fileRef = DD3B7A892CE3A01900B3DE74 /* AccountView.swift */; };
		DD3B7A8C2CE3A02F00B3DE74 /* WorkoutView.swift in Sources */ = {isa = PBXBuildFile; fileRef = DD3B7A8B2CE3A02F00B3DE74 /* WorkoutView.swift */; };
		DD3B7A8E2CE3A03A00B3DE74 /* HomeView.swift in Sources */ = {isa = PBXBuildFile; fileRef = DD3B7A8D2CE3A03A00B3DE74 /* HomeView.swift */; };
		DD3B7A902CE3A04500B3DE74 /* StatisticsView.swift in Sources */ = {isa = PBXBuildFile; fileRef = DD3B7A8F2CE3A04500B3DE74 /* StatisticsView.swift */; };
		DD3B7A922CE3A40C00B3DE74 /* HomeRouter.swift in Sources */ = {isa = PBXBuildFile; fileRef = DD3B7A912CE3A40C00B3DE74 /* HomeRouter.swift */; };
		DD3B7A942CE3A47100B3DE74 /* HomeRouterView.swift in Sources */ = {isa = PBXBuildFile; fileRef = DD3B7A932CE3A47100B3DE74 /* HomeRouterView.swift */; };
		DD3B7A9A2CE3A64300B3DE74 /* WorkoutRouter.swift in Sources */ = {isa = PBXBuildFile; fileRef = DD3B7A992CE3A64300B3DE74 /* WorkoutRouter.swift */; };
		DD3B7A9C2CE3A66A00B3DE74 /* WorkoutRouterView.swift in Sources */ = {isa = PBXBuildFile; fileRef = DD3B7A9B2CE3A66A00B3DE74 /* WorkoutRouterView.swift */; };
		DD3B7A9E2CE3A69C00B3DE74 /* AccountRouter.swift in Sources */ = {isa = PBXBuildFile; fileRef = DD3B7A9D2CE3A69C00B3DE74 /* AccountRouter.swift */; };
		DD3B7AA02CE3A6B400B3DE74 /* AccountRouterView.swift in Sources */ = {isa = PBXBuildFile; fileRef = DD3B7A9F2CE3A6B400B3DE74 /* AccountRouterView.swift */; };
		DD3B7AA22CE3A71100B3DE74 /* StatisticsRouter.swift in Sources */ = {isa = PBXBuildFile; fileRef = DD3B7AA12CE3A71100B3DE74 /* StatisticsRouter.swift */; };
		DD3B7AA42CE3A71D00B3DE74 /* StatisticsRouterView.swift in Sources */ = {isa = PBXBuildFile; fileRef = DD3B7AA32CE3A71D00B3DE74 /* StatisticsRouterView.swift */; };
		DD3F24EA2CEE7C2B009E90D1 /* ExerciseModel.swift in Sources */ = {isa = PBXBuildFile; fileRef = DD3F24E92CEE7C2B009E90D1 /* ExerciseModel.swift */; };
		DD3F24EE2CEE7C6F009E90D1 /* WorkoutModel.swift in Sources */ = {isa = PBXBuildFile; fileRef = DD3F24ED2CEE7C6F009E90D1 /* WorkoutModel.swift */; };
		DD3F24F02CEE7C8E009E90D1 /* SetModel.swift in Sources */ = {isa = PBXBuildFile; fileRef = DD3F24EF2CEE7C8E009E90D1 /* SetModel.swift */; };
		DD3F24F22CEE7CB2009E90D1 /* SpecificExerciseModel.swift in Sources */ = {isa = PBXBuildFile; fileRef = DD3F24F12CEE7CB2009E90D1 /* SpecificExerciseModel.swift */; };
		DD3F24F52CEE7D24009E90D1 /* CoreDataModel.xcdatamodeld in Sources */ = {isa = PBXBuildFile; fileRef = DD3F24F32CEE7D24009E90D1 /* CoreDataModel.xcdatamodeld */; };
		DD3F24FD2CEE7E5F009E90D1 /* WorkoutEntity+CoreDataClass.swift in Sources */ = {isa = PBXBuildFile; fileRef = DD3F24FB2CEE7E5F009E90D1 /* WorkoutEntity+CoreDataClass.swift */; };
		DD3F24FE2CEE7E5F009E90D1 /* ExerciseEntity+CoreDataProperties.swift in Sources */ = {isa = PBXBuildFile; fileRef = DD3F24F82CEE7E5F009E90D1 /* ExerciseEntity+CoreDataProperties.swift */; };
		DD3F24FF2CEE7E5F009E90D1 /* SetEntity+CoreDataProperties.swift in Sources */ = {isa = PBXBuildFile; fileRef = DD3F24FA2CEE7E5F009E90D1 /* SetEntity+CoreDataProperties.swift */; };
		DD3F25002CEE7E5F009E90D1 /* WorkoutEntity+CoreDataProperties.swift in Sources */ = {isa = PBXBuildFile; fileRef = DD3F24FC2CEE7E5F009E90D1 /* WorkoutEntity+CoreDataProperties.swift */; };
		DD3F25012CEE7E5F009E90D1 /* ExerciseEntity+CoreDataClass.swift in Sources */ = {isa = PBXBuildFile; fileRef = DD3F24F72CEE7E5F009E90D1 /* ExerciseEntity+CoreDataClass.swift */; };
		DD3F25022CEE7E5F009E90D1 /* SetEntity+CoreDataClass.swift in Sources */ = {isa = PBXBuildFile; fileRef = DD3F24F92CEE7E5F009E90D1 /* SetEntity+CoreDataClass.swift */; };
		DD3F25042CEE7E89009E90D1 /* CoreDataManager.swift in Sources */ = {isa = PBXBuildFile; fileRef = DD3F25032CEE7E89009E90D1 /* CoreDataManager.swift */; };
		DD3F25062CEE7F2F009E90D1 /* WorkoutViewModel.swift in Sources */ = {isa = PBXBuildFile; fileRef = DD3F25052CEE7F2F009E90D1 /* WorkoutViewModel.swift */; };
		DD3F250A2CEE7F99009E90D1 /* MuscleGroupsView.swift in Sources */ = {isa = PBXBuildFile; fileRef = DD3F25092CEE7F99009E90D1 /* MuscleGroupsView.swift */; };
		DD3F250D2CEE7FC6009E90D1 /* AddWorkoutRouter.swift in Sources */ = {isa = PBXBuildFile; fileRef = DD3F250C2CEE7FC6009E90D1 /* AddWorkoutRouter.swift */; };
		DD3F250F2CEE7FD9009E90D1 /* ExerciseListView.swift in Sources */ = {isa = PBXBuildFile; fileRef = DD3F250E2CEE7FD9009E90D1 /* ExerciseListView.swift */; };
		DD3F25112CEE7FEA009E90D1 /* AddWorkoutRouterView.swift in Sources */ = {isa = PBXBuildFile; fileRef = DD3F25102CEE7FEA009E90D1 /* AddWorkoutRouterView.swift */; };
		DD3F25182CEE802F009E90D1 /* CustomRoundedRectangle.swift in Sources */ = {isa = PBXBuildFile; fileRef = DD3F25152CEE802F009E90D1 /* CustomRoundedRectangle.swift */; };
		DD3F25192CEE802F009E90D1 /* StandartHeaderText.swift in Sources */ = {isa = PBXBuildFile; fileRef = DD3F25162CEE802F009E90D1 /* StandartHeaderText.swift */; };
		DD5E02AA2D11DF3600CBB074 /* SwiftUICharts in Frameworks */ = {isa = PBXBuildFile; productRef = DD5E02A92D11DF3600CBB074 /* SwiftUICharts */; };
		DD5E02AD2D12255700CBB074 /* OneExerciseStatisticsView.swift in Sources */ = {isa = PBXBuildFile; fileRef = DD5E02AC2D12255700CBB074 /* OneExerciseStatisticsView.swift */; };
		DD5E02B02D12AC8F00CBB074 /* OneExerciseStatisticsViewModel.swift in Sources */ = {isa = PBXBuildFile; fileRef = DD5E02AF2D12AC8F00CBB074 /* OneExerciseStatisticsViewModel.swift */; };
		DD6A96DA2D09A78F00F49D24 /* AchievementsView.swift in Sources */ = {isa = PBXBuildFile; fileRef = DD6A96D92D09A78F00F49D24 /* AchievementsView.swift */; };
		DD6A96DC2D09A7B700F49D24 /* GeneralStatisticsView.swift in Sources */ = {isa = PBXBuildFile; fileRef = DD6A96DB2D09A7B700F49D24 /* GeneralStatisticsView.swift */; };
		DD6A96DE2D09A7C400F49D24 /* ExerciseStatisticsView.swift in Sources */ = {isa = PBXBuildFile; fileRef = DD6A96DD2D09A7C400F49D24 /* ExerciseStatisticsView.swift */; };
		DD6A96E22D0AED9400F49D24 /* GeneralStatisticsViewModel.swift in Sources */ = {isa = PBXBuildFile; fileRef = DD6A96E12D0AED9400F49D24 /* GeneralStatisticsViewModel.swift */; };
		DD6A96E52D0B25CC00F49D24 /* MainView.swift in Sources */ = {isa = PBXBuildFile; fileRef = DD6A96E42D0B25CC00F49D24 /* MainView.swift */; };
		F9CCEE02D9664FE56021E4CF /* Pods_TrainStat.framework in Frameworks */ = {isa = PBXBuildFile; fileRef = A7DD832913D016BC70B07CC5 /* Pods_TrainStat.framework */; };
/* End PBXBuildFile section */

/* Begin PBXFileReference section */
		37CB1DFF58D50F949428E6CA /* Pods-TrainStat.debug.xcconfig */ = {isa = PBXFileReference; includeInIndex = 1; lastKnownFileType = text.xcconfig; name = "Pods-TrainStat.debug.xcconfig"; path = "Target Support Files/Pods-TrainStat/Pods-TrainStat.debug.xcconfig"; sourceTree = "<group>"; };
		A7DD832913D016BC70B07CC5 /* Pods_TrainStat.framework */ = {isa = PBXFileReference; explicitFileType = wrapper.framework; includeInIndex = 0; path = Pods_TrainStat.framework; sourceTree = BUILT_PRODUCTS_DIR; };
		B39E688E2DE8B45694F2E376 /* Pods-TrainStat.release.xcconfig */ = {isa = PBXFileReference; includeInIndex = 1; lastKnownFileType = text.xcconfig; name = "Pods-TrainStat.release.xcconfig"; path = "Target Support Files/Pods-TrainStat/Pods-TrainStat.release.xcconfig"; sourceTree = "<group>"; };
		DD369BCB2CCD35510022331E /* TrainStat.app */ = {isa = PBXFileReference; explicitFileType = wrapper.application; includeInIndex = 0; path = TrainStat.app; sourceTree = BUILT_PRODUCTS_DIR; };
		DD369BCE2CCD35510022331E /* AppDelegate.swift */ = {isa = PBXFileReference; lastKnownFileType = sourcecode.swift; path = AppDelegate.swift; sourceTree = "<group>"; };
		DD369BD02CCD35510022331E /* SceneDelegate.swift */ = {isa = PBXFileReference; lastKnownFileType = sourcecode.swift; path = SceneDelegate.swift; sourceTree = "<group>"; };
		DD369BD22CCD35510022331E /* ViewController.swift */ = {isa = PBXFileReference; lastKnownFileType = sourcecode.swift; path = ViewController.swift; sourceTree = "<group>"; };
		DD369BD72CCD35520022331E /* Assets.xcassets */ = {isa = PBXFileReference; lastKnownFileType = folder.assetcatalog; path = Assets.xcassets; sourceTree = "<group>"; };
		DD369BDA2CCD35520022331E /* Base */ = {isa = PBXFileReference; lastKnownFileType = file.storyboard; name = Base; path = Base.lproj/LaunchScreen.storyboard; sourceTree = "<group>"; };
		DD369BDC2CCD35520022331E /* Info.plist */ = {isa = PBXFileReference; lastKnownFileType = text.plist.xml; path = Info.plist; sourceTree = "<group>"; };
		DD3B7A7B2CE273CD00B3DE74 /* Variables.swift */ = {isa = PBXFileReference; lastKnownFileType = sourcecode.swift; path = Variables.swift; sourceTree = "<group>"; };
		DD3B7A7D2CE273DD00B3DE74 /* Extensions.swift */ = {isa = PBXFileReference; lastKnownFileType = sourcecode.swift; path = Extensions.swift; sourceTree = "<group>"; };
		DD3B7A812CE39F1100B3DE74 /* MainTabView.swift */ = {isa = PBXFileReference; lastKnownFileType = sourcecode.swift; path = MainTabView.swift; sourceTree = "<group>"; };
		DD3B7A872CE39FD800B3DE74 /* CustomTabView.swift */ = {isa = PBXFileReference; lastKnownFileType = sourcecode.swift; path = CustomTabView.swift; sourceTree = "<group>"; };
		DD3B7A892CE3A01900B3DE74 /* AccountView.swift */ = {isa = PBXFileReference; lastKnownFileType = sourcecode.swift; path = AccountView.swift; sourceTree = "<group>"; };
		DD3B7A8B2CE3A02F00B3DE74 /* WorkoutView.swift */ = {isa = PBXFileReference; lastKnownFileType = sourcecode.swift; path = WorkoutView.swift; sourceTree = "<group>"; };
		DD3B7A8D2CE3A03A00B3DE74 /* HomeView.swift */ = {isa = PBXFileReference; lastKnownFileType = sourcecode.swift; path = HomeView.swift; sourceTree = "<group>"; };
		DD3B7A8F2CE3A04500B3DE74 /* StatisticsView.swift */ = {isa = PBXFileReference; lastKnownFileType = sourcecode.swift; path = StatisticsView.swift; sourceTree = "<group>"; };
		DD3B7A912CE3A40C00B3DE74 /* HomeRouter.swift */ = {isa = PBXFileReference; lastKnownFileType = sourcecode.swift; path = HomeRouter.swift; sourceTree = "<group>"; };
		DD3B7A932CE3A47100B3DE74 /* HomeRouterView.swift */ = {isa = PBXFileReference; lastKnownFileType = sourcecode.swift; path = HomeRouterView.swift; sourceTree = "<group>"; };
		DD3B7A992CE3A64300B3DE74 /* WorkoutRouter.swift */ = {isa = PBXFileReference; lastKnownFileType = sourcecode.swift; path = WorkoutRouter.swift; sourceTree = "<group>"; };
		DD3B7A9B2CE3A66A00B3DE74 /* WorkoutRouterView.swift */ = {isa = PBXFileReference; lastKnownFileType = sourcecode.swift; path = WorkoutRouterView.swift; sourceTree = "<group>"; };
		DD3B7A9D2CE3A69C00B3DE74 /* AccountRouter.swift */ = {isa = PBXFileReference; lastKnownFileType = sourcecode.swift; path = AccountRouter.swift; sourceTree = "<group>"; };
		DD3B7A9F2CE3A6B400B3DE74 /* AccountRouterView.swift */ = {isa = PBXFileReference; lastKnownFileType = sourcecode.swift; path = AccountRouterView.swift; sourceTree = "<group>"; };
		DD3B7AA12CE3A71100B3DE74 /* StatisticsRouter.swift */ = {isa = PBXFileReference; lastKnownFileType = sourcecode.swift; path = StatisticsRouter.swift; sourceTree = "<group>"; };
		DD3B7AA32CE3A71D00B3DE74 /* StatisticsRouterView.swift */ = {isa = PBXFileReference; lastKnownFileType = sourcecode.swift; path = StatisticsRouterView.swift; sourceTree = "<group>"; };
		DD3F24E92CEE7C2B009E90D1 /* ExerciseModel.swift */ = {isa = PBXFileReference; lastKnownFileType = sourcecode.swift; path = ExerciseModel.swift; sourceTree = "<group>"; };
		DD3F24ED2CEE7C6F009E90D1 /* WorkoutModel.swift */ = {isa = PBXFileReference; lastKnownFileType = sourcecode.swift; path = WorkoutModel.swift; sourceTree = "<group>"; };
		DD3F24EF2CEE7C8E009E90D1 /* SetModel.swift */ = {isa = PBXFileReference; lastKnownFileType = sourcecode.swift; path = SetModel.swift; sourceTree = "<group>"; };
		DD3F24F12CEE7CB2009E90D1 /* SpecificExerciseModel.swift */ = {isa = PBXFileReference; lastKnownFileType = sourcecode.swift; path = SpecificExerciseModel.swift; sourceTree = "<group>"; };
		DD3F24F42CEE7D24009E90D1 /* CoreDataModel.xcdatamodel */ = {isa = PBXFileReference; lastKnownFileType = wrapper.xcdatamodel; path = CoreDataModel.xcdatamodel; sourceTree = "<group>"; };
		DD3F24F72CEE7E5F009E90D1 /* ExerciseEntity+CoreDataClass.swift */ = {isa = PBXFileReference; lastKnownFileType = sourcecode.swift; name = "ExerciseEntity+CoreDataClass.swift"; path = "../ExerciseEntity+CoreDataClass.swift"; sourceTree = "<group>"; };
		DD3F24F82CEE7E5F009E90D1 /* ExerciseEntity+CoreDataProperties.swift */ = {isa = PBXFileReference; lastKnownFileType = sourcecode.swift; name = "ExerciseEntity+CoreDataProperties.swift"; path = "../ExerciseEntity+CoreDataProperties.swift"; sourceTree = "<group>"; };
		DD3F24F92CEE7E5F009E90D1 /* SetEntity+CoreDataClass.swift */ = {isa = PBXFileReference; lastKnownFileType = sourcecode.swift; name = "SetEntity+CoreDataClass.swift"; path = "../SetEntity+CoreDataClass.swift"; sourceTree = "<group>"; };
		DD3F24FA2CEE7E5F009E90D1 /* SetEntity+CoreDataProperties.swift */ = {isa = PBXFileReference; lastKnownFileType = sourcecode.swift; name = "SetEntity+CoreDataProperties.swift"; path = "../SetEntity+CoreDataProperties.swift"; sourceTree = "<group>"; };
		DD3F24FB2CEE7E5F009E90D1 /* WorkoutEntity+CoreDataClass.swift */ = {isa = PBXFileReference; lastKnownFileType = sourcecode.swift; name = "WorkoutEntity+CoreDataClass.swift"; path = "../WorkoutEntity+CoreDataClass.swift"; sourceTree = "<group>"; };
		DD3F24FC2CEE7E5F009E90D1 /* WorkoutEntity+CoreDataProperties.swift */ = {isa = PBXFileReference; lastKnownFileType = sourcecode.swift; name = "WorkoutEntity+CoreDataProperties.swift"; path = "../WorkoutEntity+CoreDataProperties.swift"; sourceTree = "<group>"; };
		DD3F25032CEE7E89009E90D1 /* CoreDataManager.swift */ = {isa = PBXFileReference; lastKnownFileType = sourcecode.swift; path = CoreDataManager.swift; sourceTree = "<group>"; };
		DD3F25052CEE7F2F009E90D1 /* WorkoutViewModel.swift */ = {isa = PBXFileReference; lastKnownFileType = sourcecode.swift; path = WorkoutViewModel.swift; sourceTree = "<group>"; };
		DD3F25092CEE7F99009E90D1 /* MuscleGroupsView.swift */ = {isa = PBXFileReference; lastKnownFileType = sourcecode.swift; path = MuscleGroupsView.swift; sourceTree = "<group>"; };
		DD3F250C2CEE7FC6009E90D1 /* AddWorkoutRouter.swift */ = {isa = PBXFileReference; lastKnownFileType = sourcecode.swift; path = AddWorkoutRouter.swift; sourceTree = "<group>"; };
		DD3F250E2CEE7FD9009E90D1 /* ExerciseListView.swift */ = {isa = PBXFileReference; lastKnownFileType = sourcecode.swift; path = ExerciseListView.swift; sourceTree = "<group>"; };
		DD3F25102CEE7FEA009E90D1 /* AddWorkoutRouterView.swift */ = {isa = PBXFileReference; lastKnownFileType = sourcecode.swift; path = AddWorkoutRouterView.swift; sourceTree = "<group>"; };
		DD3F25152CEE802F009E90D1 /* CustomRoundedRectangle.swift */ = {isa = PBXFileReference; lastKnownFileType = sourcecode.swift; path = CustomRoundedRectangle.swift; sourceTree = "<group>"; };
		DD3F25162CEE802F009E90D1 /* StandartHeaderText.swift */ = {isa = PBXFileReference; lastKnownFileType = sourcecode.swift; path = StandartHeaderText.swift; sourceTree = "<group>"; };
		DD5E02AC2D12255700CBB074 /* OneExerciseStatisticsView.swift */ = {isa = PBXFileReference; lastKnownFileType = sourcecode.swift; path = OneExerciseStatisticsView.swift; sourceTree = "<group>"; };
		DD5E02AF2D12AC8F00CBB074 /* OneExerciseStatisticsViewModel.swift */ = {isa = PBXFileReference; lastKnownFileType = sourcecode.swift; path = OneExerciseStatisticsViewModel.swift; sourceTree = "<group>"; };
		DD6A96D92D09A78F00F49D24 /* AchievementsView.swift */ = {isa = PBXFileReference; lastKnownFileType = sourcecode.swift; path = AchievementsView.swift; sourceTree = "<group>"; };
		DD6A96DB2D09A7B700F49D24 /* GeneralStatisticsView.swift */ = {isa = PBXFileReference; lastKnownFileType = sourcecode.swift; path = GeneralStatisticsView.swift; sourceTree = "<group>"; };
		DD6A96DD2D09A7C400F49D24 /* ExerciseStatisticsView.swift */ = {isa = PBXFileReference; lastKnownFileType = sourcecode.swift; path = ExerciseStatisticsView.swift; sourceTree = "<group>"; };
		DD6A96E12D0AED9400F49D24 /* GeneralStatisticsViewModel.swift */ = {isa = PBXFileReference; lastKnownFileType = sourcecode.swift; path = GeneralStatisticsViewModel.swift; sourceTree = "<group>"; };
		DD6A96E42D0B25CC00F49D24 /* MainView.swift */ = {isa = PBXFileReference; lastKnownFileType = sourcecode.swift; path = MainView.swift; sourceTree = "<group>"; };
/* End PBXFileReference section */

/* Begin PBXFrameworksBuildPhase section */
		DD369BC82CCD35510022331E /* Frameworks */ = {
			isa = PBXFrameworksBuildPhase;
			buildActionMask = 2147483647;
			files = (
				F9CCEE02D9664FE56021E4CF /* Pods_TrainStat.framework in Frameworks */,
				DD5E02AA2D11DF3600CBB074 /* SwiftUICharts in Frameworks */,
			);
			runOnlyForDeploymentPostprocessing = 0;
		};
/* End PBXFrameworksBuildPhase section */

/* Begin PBXGroup section */
		DB9BF90C28F741D105E84D56 /* Pods */ = {
			isa = PBXGroup;
			children = (
				37CB1DFF58D50F949428E6CA /* Pods-TrainStat.debug.xcconfig */,
				B39E688E2DE8B45694F2E376 /* Pods-TrainStat.release.xcconfig */,
			);
			path = Pods;
			sourceTree = "<group>";
		};
		DD369BC22CCD35510022331E = {
			isa = PBXGroup;
			children = (
				DD369BCD2CCD35510022331E /* TrainStat */,
				DD369BCC2CCD35510022331E /* Products */,
				DB9BF90C28F741D105E84D56 /* Pods */,
				E47B3E0E1CA7535879C6B061 /* Frameworks */,
			);
			sourceTree = "<group>";
		};
		DD369BCC2CCD35510022331E /* Products */ = {
			isa = PBXGroup;
			children = (
				DD369BCB2CCD35510022331E /* TrainStat.app */,
			);
			name = Products;
			sourceTree = "<group>";
		};
		DD369BCD2CCD35510022331E /* TrainStat */ = {
			isa = PBXGroup;
			children = (
				DD3F24EB2CEE7C38009E90D1 /* Data */,
				DD3B7A7F2CE39EE900B3DE74 /* View */,
				DD3B7A7A2CE273B200B3DE74 /* Global */,
				DD369BCE2CCD35510022331E /* AppDelegate.swift */,
				DD369BD02CCD35510022331E /* SceneDelegate.swift */,
				DD369BD22CCD35510022331E /* ViewController.swift */,
				DD369BD72CCD35520022331E /* Assets.xcassets */,
				DD369BD92CCD35520022331E /* LaunchScreen.storyboard */,
				DD369BDC2CCD35520022331E /* Info.plist */,
			);
			path = TrainStat;
			sourceTree = "<group>";
		};
		DD3B7A7A2CE273B200B3DE74 /* Global */ = {
			isa = PBXGroup;
			children = (
				DD3F25172CEE802F009E90D1 /* UIElements */,
				DD3B7A7B2CE273CD00B3DE74 /* Variables.swift */,
				DD3B7A7D2CE273DD00B3DE74 /* Extensions.swift */,
			);
			path = Global;
			sourceTree = "<group>";
		};
		DD3B7A7F2CE39EE900B3DE74 /* View */ = {
			isa = PBXGroup;
			children = (
				DD6A96E32D0B25BE00F49D24 /* MainView */,
				DD3B7A802CE39EF400B3DE74 /* TabView */,
				DD3B7A862CE39FB800B3DE74 /* StatisticsView */,
				DD3B7A852CE39FB000B3DE74 /* HomeView */,
				DD3B7A842CE39F4100B3DE74 /* WorkoutView */,
				DD3B7A832CE39F3700B3DE74 /* AccountView */,
			);
			path = View;
			sourceTree = "<group>";
		};
		DD3B7A802CE39EF400B3DE74 /* TabView */ = {
			isa = PBXGroup;
			children = (
				DD3B7A812CE39F1100B3DE74 /* MainTabView.swift */,
				DD3B7A872CE39FD800B3DE74 /* CustomTabView.swift */,
			);
			path = TabView;
			sourceTree = "<group>";
		};
		DD3B7A832CE39F3700B3DE74 /* AccountView */ = {
			isa = PBXGroup;
			children = (
				DD3B7A892CE3A01900B3DE74 /* AccountView.swift */,
				DD3B7A982CE3A5F300B3DE74 /* AccountRouter */,
			);
			path = AccountView;
			sourceTree = "<group>";
		};
		DD3B7A842CE39F4100B3DE74 /* WorkoutView */ = {
			isa = PBXGroup;
			children = (
				DD3B7A8B2CE3A02F00B3DE74 /* WorkoutView.swift */,
				DD3F25052CEE7F2F009E90D1 /* WorkoutViewModel.swift */,
				DD3F250B2CEE7FAE009E90D1 /* AddExercise */,
				DD3B7A972CE3A5E300B3DE74 /* WorkoutRouter */,
			);
			path = WorkoutView;
			sourceTree = "<group>";
		};
		DD3B7A852CE39FB000B3DE74 /* HomeView */ = {
			isa = PBXGroup;
			children = (
				DD3B7A8D2CE3A03A00B3DE74 /* HomeView.swift */,
				DD3B7A952CE3A57500B3DE74 /* HomeRouter */,
			);
			path = HomeView;
			sourceTree = "<group>";
		};
		DD3B7A862CE39FB800B3DE74 /* StatisticsView */ = {
			isa = PBXGroup;
			children = (
				DD6A96D92D09A78F00F49D24 /* AchievementsView.swift */,
				DD3B7A8F2CE3A04500B3DE74 /* StatisticsView.swift */,
				DD5E02AB2D1224CC00CBB074 /* GeneralStatistics */,
				DD5E02AE2D12256100CBB074 /* ExerciseStatistics */,
				DD3B7A962CE3A58800B3DE74 /* StatisticsRouter */,
			);
			path = StatisticsView;
			sourceTree = "<group>";
		};
		DD3B7A952CE3A57500B3DE74 /* HomeRouter */ = {
			isa = PBXGroup;
			children = (
				DD3B7A912CE3A40C00B3DE74 /* HomeRouter.swift */,
				DD3B7A932CE3A47100B3DE74 /* HomeRouterView.swift */,
			);
			path = HomeRouter;
			sourceTree = "<group>";
		};
		DD3B7A962CE3A58800B3DE74 /* StatisticsRouter */ = {
			isa = PBXGroup;
			children = (
				DD3B7AA12CE3A71100B3DE74 /* StatisticsRouter.swift */,
				DD3B7AA32CE3A71D00B3DE74 /* StatisticsRouterView.swift */,
			);
			path = StatisticsRouter;
			sourceTree = "<group>";
		};
		DD3B7A972CE3A5E300B3DE74 /* WorkoutRouter */ = {
			isa = PBXGroup;
			children = (
				DD3B7A992CE3A64300B3DE74 /* WorkoutRouter.swift */,
				DD3B7A9B2CE3A66A00B3DE74 /* WorkoutRouterView.swift */,
			);
			path = WorkoutRouter;
			sourceTree = "<group>";
		};
		DD3B7A982CE3A5F300B3DE74 /* AccountRouter */ = {
			isa = PBXGroup;
			children = (
				DD3B7A9D2CE3A69C00B3DE74 /* AccountRouter.swift */,
				DD3B7A9F2CE3A6B400B3DE74 /* AccountRouterView.swift */,
			);
			path = AccountRouter;
			sourceTree = "<group>";
		};
		DD3F24EB2CEE7C38009E90D1 /* Data */ = {
			isa = PBXGroup;
			children = (
				DD3F24EC2CEE7C45009E90D1 /* Models */,
				DD3F24F62CEE7E56009E90D1 /* CoreData */,
			);
			path = Data;
			sourceTree = "<group>";
		};
		DD3F24EC2CEE7C45009E90D1 /* Models */ = {
			isa = PBXGroup;
			children = (
				DD3F24E92CEE7C2B009E90D1 /* ExerciseModel.swift */,
				DD3F24ED2CEE7C6F009E90D1 /* WorkoutModel.swift */,
				DD3F24EF2CEE7C8E009E90D1 /* SetModel.swift */,
				DD3F24F12CEE7CB2009E90D1 /* SpecificExerciseModel.swift */,
			);
			path = Models;
			sourceTree = "<group>";
		};
		DD3F24F62CEE7E56009E90D1 /* CoreData */ = {
			isa = PBXGroup;
			children = (
				DD3F24F72CEE7E5F009E90D1 /* ExerciseEntity+CoreDataClass.swift */,
				DD3F24F82CEE7E5F009E90D1 /* ExerciseEntity+CoreDataProperties.swift */,
				DD3F24F92CEE7E5F009E90D1 /* SetEntity+CoreDataClass.swift */,
				DD3F24FA2CEE7E5F009E90D1 /* SetEntity+CoreDataProperties.swift */,
				DD3F24FB2CEE7E5F009E90D1 /* WorkoutEntity+CoreDataClass.swift */,
				DD3F24FC2CEE7E5F009E90D1 /* WorkoutEntity+CoreDataProperties.swift */,
				DD3F24F32CEE7D24009E90D1 /* CoreDataModel.xcdatamodeld */,
				DD3F25032CEE7E89009E90D1 /* CoreDataManager.swift */,
			);
			path = CoreData;
			sourceTree = "<group>";
		};
		DD3F250B2CEE7FAE009E90D1 /* AddExercise */ = {
			isa = PBXGroup;
			children = (
				DD3F25092CEE7F99009E90D1 /* MuscleGroupsView.swift */,
				DD3F250C2CEE7FC6009E90D1 /* AddWorkoutRouter.swift */,
				DD3F250E2CEE7FD9009E90D1 /* ExerciseListView.swift */,
				DD3F25102CEE7FEA009E90D1 /* AddWorkoutRouterView.swift */,
			);
			path = AddExercise;
			sourceTree = "<group>";
		};
		DD3F25172CEE802F009E90D1 /* UIElements */ = {
			isa = PBXGroup;
			children = (
				DD3F25152CEE802F009E90D1 /* CustomRoundedRectangle.swift */,
				DD3F25162CEE802F009E90D1 /* StandartHeaderText.swift */,
			);
			path = UIElements;
			sourceTree = "<group>";
		};
		DD5E02AB2D1224CC00CBB074 /* GeneralStatistics */ = {
			isa = PBXGroup;
			children = (
				DD6A96DB2D09A7B700F49D24 /* GeneralStatisticsView.swift */,
				DD6A96E12D0AED9400F49D24 /* GeneralStatisticsViewModel.swift */,
			);
			path = GeneralStatistics;
			sourceTree = "<group>";
		};
		DD5E02AE2D12256100CBB074 /* ExerciseStatistics */ = {
			isa = PBXGroup;
			children = (
				DD6A96DD2D09A7C400F49D24 /* ExerciseStatisticsView.swift */,
				DD5E02AC2D12255700CBB074 /* OneExerciseStatisticsView.swift */,
				DD5E02AF2D12AC8F00CBB074 /* OneExerciseStatisticsViewModel.swift */,
			);
			path = ExerciseStatistics;
			sourceTree = "<group>";
		};
		DD6A96E32D0B25BE00F49D24 /* MainView */ = {
			isa = PBXGroup;
			children = (
				DD6A96E42D0B25CC00F49D24 /* MainView.swift */,
			);
			path = MainView;
			sourceTree = "<group>";
		};
		E47B3E0E1CA7535879C6B061 /* Frameworks */ = {
			isa = PBXGroup;
			children = (
				A7DD832913D016BC70B07CC5 /* Pods_TrainStat.framework */,
			);
			name = Frameworks;
			sourceTree = "<group>";
		};
/* End PBXGroup section */

/* Begin PBXNativeTarget section */
		DD369BCA2CCD35510022331E /* TrainStat */ = {
			isa = PBXNativeTarget;
			buildConfigurationList = DD369BDF2CCD35520022331E /* Build configuration list for PBXNativeTarget "TrainStat" */;
			buildPhases = (
				33A9F239B3B076B3505CB55C /* [CP] Check Pods Manifest.lock */,
				DD369BC72CCD35510022331E /* Sources */,
				DD369BC82CCD35510022331E /* Frameworks */,
				DD369BC92CCD35510022331E /* Resources */,
				DF02CDDFFB02A66B5CCD2F2E /* [CP] Embed Pods Frameworks */,
			);
			buildRules = (
			);
			dependencies = (
			);
			name = TrainStat;
			productName = TrainStat;
			productReference = DD369BCB2CCD35510022331E /* TrainStat.app */;
			productType = "com.apple.product-type.application";
		};
/* End PBXNativeTarget section */

/* Begin PBXProject section */
		DD369BC32CCD35510022331E /* Project object */ = {
			isa = PBXProject;
			attributes = {
				BuildIndependentTargetsInParallel = 1;
				LastSwiftUpdateCheck = 1540;
				LastUpgradeCheck = 1540;
				TargetAttributes = {
					DD369BCA2CCD35510022331E = {
						CreatedOnToolsVersion = 15.4;
					};
				};
			};
			buildConfigurationList = DD369BC62CCD35510022331E /* Build configuration list for PBXProject "TrainStat" */;
			compatibilityVersion = "Xcode 14.0";
			developmentRegion = en;
			hasScannedForEncodings = 0;
			knownRegions = (
				en,
				Base,
			);
			mainGroup = DD369BC22CCD35510022331E;
			packageReferences = (
				DD5E02A82D11DF3600CBB074 /* XCRemoteSwiftPackageReference "ChartView" */,
			);
			productRefGroup = DD369BCC2CCD35510022331E /* Products */;
			projectDirPath = "";
			projectRoot = "";
			targets = (
				DD369BCA2CCD35510022331E /* TrainStat */,
			);
		};
/* End PBXProject section */

/* Begin PBXResourcesBuildPhase section */
		DD369BC92CCD35510022331E /* Resources */ = {
			isa = PBXResourcesBuildPhase;
			buildActionMask = 2147483647;
			files = (
				DD369BD82CCD35520022331E /* Assets.xcassets in Resources */,
				DD369BDB2CCD35520022331E /* Base in Resources */,
			);
			runOnlyForDeploymentPostprocessing = 0;
		};
/* End PBXResourcesBuildPhase section */

/* Begin PBXShellScriptBuildPhase section */
		33A9F239B3B076B3505CB55C /* [CP] Check Pods Manifest.lock */ = {
			isa = PBXShellScriptBuildPhase;
			buildActionMask = 2147483647;
			files = (
			);
			inputFileListPaths = (
			);
			inputPaths = (
				"${PODS_PODFILE_DIR_PATH}/Podfile.lock",
				"${PODS_ROOT}/Manifest.lock",
			);
			name = "[CP] Check Pods Manifest.lock";
			outputFileListPaths = (
			);
			outputPaths = (
				"$(DERIVED_FILE_DIR)/Pods-TrainStat-checkManifestLockResult.txt",
			);
			runOnlyForDeploymentPostprocessing = 0;
			shellPath = /bin/sh;
			shellScript = "diff \"${PODS_PODFILE_DIR_PATH}/Podfile.lock\" \"${PODS_ROOT}/Manifest.lock\" > /dev/null\nif [ $? != 0 ] ; then\n    # print error to STDERR\n    echo \"error: The sandbox is not in sync with the Podfile.lock. Run 'pod install' or update your CocoaPods installation.\" >&2\n    exit 1\nfi\n# This output is used by Xcode 'outputs' to avoid re-running this script phase.\necho \"SUCCESS\" > \"${SCRIPT_OUTPUT_FILE_0}\"\n";
			showEnvVarsInLog = 0;
		};
		DF02CDDFFB02A66B5CCD2F2E /* [CP] Embed Pods Frameworks */ = {
			isa = PBXShellScriptBuildPhase;
			buildActionMask = 2147483647;
			files = (
			);
			inputFileListPaths = (
				"${PODS_ROOT}/Target Support Files/Pods-TrainStat/Pods-TrainStat-frameworks-${CONFIGURATION}-input-files.xcfilelist",
			);
			name = "[CP] Embed Pods Frameworks";
			outputFileListPaths = (
				"${PODS_ROOT}/Target Support Files/Pods-TrainStat/Pods-TrainStat-frameworks-${CONFIGURATION}-output-files.xcfilelist",
			);
			runOnlyForDeploymentPostprocessing = 0;
			shellPath = /bin/sh;
			shellScript = "\"${PODS_ROOT}/Target Support Files/Pods-TrainStat/Pods-TrainStat-frameworks.sh\"\n";
			showEnvVarsInLog = 0;
		};
/* End PBXShellScriptBuildPhase section */

/* Begin PBXSourcesBuildPhase section */
		DD369BC72CCD35510022331E /* Sources */ = {
			isa = PBXSourcesBuildPhase;
			buildActionMask = 2147483647;
			files = (
				DD3B7A7E2CE273DD00B3DE74 /* Extensions.swift in Sources */,
				DD3B7A922CE3A40C00B3DE74 /* HomeRouter.swift in Sources */,
				DD6A96DC2D09A7B700F49D24 /* GeneralStatisticsView.swift in Sources */,
				DD3B7A9A2CE3A64300B3DE74 /* WorkoutRouter.swift in Sources */,
				DD3B7AA02CE3A6B400B3DE74 /* AccountRouterView.swift in Sources */,
				DD3F24F52CEE7D24009E90D1 /* CoreDataModel.xcdatamodeld in Sources */,
				DD3F24EA2CEE7C2B009E90D1 /* ExerciseModel.swift in Sources */,
				DD3F24F02CEE7C8E009E90D1 /* SetModel.swift in Sources */,
				DD5E02B02D12AC8F00CBB074 /* OneExerciseStatisticsViewModel.swift in Sources */,
				DD3F250A2CEE7F99009E90D1 /* MuscleGroupsView.swift in Sources */,
				DD369BD32CCD35510022331E /* ViewController.swift in Sources */,
				DD369BCF2CCD35510022331E /* AppDelegate.swift in Sources */,
				DD3B7A8E2CE3A03A00B3DE74 /* HomeView.swift in Sources */,
				DD5E02AD2D12255700CBB074 /* OneExerciseStatisticsView.swift in Sources */,
				DD369BD12CCD35510022331E /* SceneDelegate.swift in Sources */,
				DD3B7A8C2CE3A02F00B3DE74 /* WorkoutView.swift in Sources */,
				DD3F24FD2CEE7E5F009E90D1 /* WorkoutEntity+CoreDataClass.swift in Sources */,
				DD3F25182CEE802F009E90D1 /* CustomRoundedRectangle.swift in Sources */,
				DD3F25192CEE802F009E90D1 /* StandartHeaderText.swift in Sources */,
				DD3F24FE2CEE7E5F009E90D1 /* ExerciseEntity+CoreDataProperties.swift in Sources */,
				DD3F25042CEE7E89009E90D1 /* CoreDataManager.swift in Sources */,
				DD3F24FF2CEE7E5F009E90D1 /* SetEntity+CoreDataProperties.swift in Sources */,
				DD3F25002CEE7E5F009E90D1 /* WorkoutEntity+CoreDataProperties.swift in Sources */,
				DD6A96DE2D09A7C400F49D24 /* ExerciseStatisticsView.swift in Sources */,
				DD3F25012CEE7E5F009E90D1 /* ExerciseEntity+CoreDataClass.swift in Sources */,
				DD3F25022CEE7E5F009E90D1 /* SetEntity+CoreDataClass.swift in Sources */,
				DD3B7A8A2CE3A01900B3DE74 /* AccountView.swift in Sources */,
				DD6A96E22D0AED9400F49D24 /* GeneralStatisticsViewModel.swift in Sources */,
				DD3B7A942CE3A47100B3DE74 /* HomeRouterView.swift in Sources */,
				DD3F250D2CEE7FC6009E90D1 /* AddWorkoutRouter.swift in Sources */,
				DD3B7A7C2CE273CD00B3DE74 /* Variables.swift in Sources */,
				DD6A96E52D0B25CC00F49D24 /* MainView.swift in Sources */,
				DD6A96DA2D09A78F00F49D24 /* AchievementsView.swift in Sources */,
				DD3B7A9C2CE3A66A00B3DE74 /* WorkoutRouterView.swift in Sources */,
				DD3B7AA22CE3A71100B3DE74 /* StatisticsRouter.swift in Sources */,
				DD3B7A9E2CE3A69C00B3DE74 /* AccountRouter.swift in Sources */,
				DD3B7A902CE3A04500B3DE74 /* StatisticsView.swift in Sources */,
				DD3F25112CEE7FEA009E90D1 /* AddWorkoutRouterView.swift in Sources */,
				DD3F24EE2CEE7C6F009E90D1 /* WorkoutModel.swift in Sources */,
				DD3B7A822CE39F1100B3DE74 /* MainTabView.swift in Sources */,
				DD3F25062CEE7F2F009E90D1 /* WorkoutViewModel.swift in Sources */,
				DD3F250F2CEE7FD9009E90D1 /* ExerciseListView.swift in Sources */,
				DD3B7AA42CE3A71D00B3DE74 /* StatisticsRouterView.swift in Sources */,
				DD3F24F22CEE7CB2009E90D1 /* SpecificExerciseModel.swift in Sources */,
				DD3B7A882CE39FD800B3DE74 /* CustomTabView.swift in Sources */,
				DD3B7A7C2CE273CD00B3DE74 /* Variables.swift in Sources */,
			);
			runOnlyForDeploymentPostprocessing = 0;
		};
/* End PBXSourcesBuildPhase section */

/* Begin PBXVariantGroup section */
		DD369BD92CCD35520022331E /* LaunchScreen.storyboard */ = {
			isa = PBXVariantGroup;
			children = (
				DD369BDA2CCD35520022331E /* Base */,
			);
			name = LaunchScreen.storyboard;
			sourceTree = "<group>";
		};
/* End PBXVariantGroup section */

/* Begin XCBuildConfiguration section */
		DD369BDD2CCD35520022331E /* Debug */ = {
			isa = XCBuildConfiguration;
			buildSettings = {
				ALWAYS_SEARCH_USER_PATHS = NO;
				ASSETCATALOG_COMPILER_GENERATE_SWIFT_ASSET_SYMBOL_EXTENSIONS = YES;
				CLANG_ANALYZER_NONNULL = YES;
				CLANG_ANALYZER_NUMBER_OBJECT_CONVERSION = YES_AGGRESSIVE;
				CLANG_CXX_LANGUAGE_STANDARD = "gnu++20";
				CLANG_ENABLE_MODULES = YES;
				CLANG_ENABLE_OBJC_ARC = YES;
				CLANG_ENABLE_OBJC_WEAK = YES;
				CLANG_WARN_BLOCK_CAPTURE_AUTORELEASING = YES;
				CLANG_WARN_BOOL_CONVERSION = YES;
				CLANG_WARN_COMMA = YES;
				CLANG_WARN_CONSTANT_CONVERSION = YES;
				CLANG_WARN_DEPRECATED_OBJC_IMPLEMENTATIONS = YES;
				CLANG_WARN_DIRECT_OBJC_ISA_USAGE = YES_ERROR;
				CLANG_WARN_DOCUMENTATION_COMMENTS = YES;
				CLANG_WARN_EMPTY_BODY = YES;
				CLANG_WARN_ENUM_CONVERSION = YES;
				CLANG_WARN_INFINITE_RECURSION = YES;
				CLANG_WARN_INT_CONVERSION = YES;
				CLANG_WARN_NON_LITERAL_NULL_CONVERSION = YES;
				CLANG_WARN_OBJC_IMPLICIT_RETAIN_SELF = YES;
				CLANG_WARN_OBJC_LITERAL_CONVERSION = YES;
				CLANG_WARN_OBJC_ROOT_CLASS = YES_ERROR;
				CLANG_WARN_QUOTED_INCLUDE_IN_FRAMEWORK_HEADER = YES;
				CLANG_WARN_RANGE_LOOP_ANALYSIS = YES;
				CLANG_WARN_STRICT_PROTOTYPES = YES;
				CLANG_WARN_SUSPICIOUS_MOVE = YES;
				CLANG_WARN_UNGUARDED_AVAILABILITY = YES_AGGRESSIVE;
				CLANG_WARN_UNREACHABLE_CODE = YES;
				CLANG_WARN__DUPLICATE_METHOD_MATCH = YES;
				COPY_PHASE_STRIP = NO;
				DEBUG_INFORMATION_FORMAT = dwarf;
				ENABLE_STRICT_OBJC_MSGSEND = YES;
				ENABLE_TESTABILITY = YES;
				ENABLE_USER_SCRIPT_SANDBOXING = NO;
				GCC_C_LANGUAGE_STANDARD = gnu17;
				GCC_DYNAMIC_NO_PIC = NO;
				GCC_NO_COMMON_BLOCKS = YES;
				GCC_OPTIMIZATION_LEVEL = 0;
				GCC_PREPROCESSOR_DEFINITIONS = (
					"DEBUG=1",
					"$(inherited)",
				);
				GCC_WARN_64_TO_32_BIT_CONVERSION = YES;
				GCC_WARN_ABOUT_RETURN_TYPE = YES_ERROR;
				GCC_WARN_UNDECLARED_SELECTOR = YES;
				GCC_WARN_UNINITIALIZED_AUTOS = YES_AGGRESSIVE;
				GCC_WARN_UNUSED_FUNCTION = YES;
				GCC_WARN_UNUSED_VARIABLE = YES;
				IPHONEOS_DEPLOYMENT_TARGET = 16.0;
				LOCALIZATION_PREFERS_STRING_CATALOGS = YES;
				MTL_ENABLE_DEBUG_INFO = INCLUDE_SOURCE;
				MTL_FAST_MATH = YES;
				ONLY_ACTIVE_ARCH = YES;
				SDKROOT = iphoneos;
				SWIFT_ACTIVE_COMPILATION_CONDITIONS = "DEBUG $(inherited)";
				SWIFT_OPTIMIZATION_LEVEL = "-Onone";
			};
			name = Debug;
		};
		DD369BDE2CCD35520022331E /* Release */ = {
			isa = XCBuildConfiguration;
			buildSettings = {
				ALWAYS_SEARCH_USER_PATHS = NO;
				ASSETCATALOG_COMPILER_GENERATE_SWIFT_ASSET_SYMBOL_EXTENSIONS = YES;
				CLANG_ANALYZER_NONNULL = YES;
				CLANG_ANALYZER_NUMBER_OBJECT_CONVERSION = YES_AGGRESSIVE;
				CLANG_CXX_LANGUAGE_STANDARD = "gnu++20";
				CLANG_ENABLE_MODULES = YES;
				CLANG_ENABLE_OBJC_ARC = YES;
				CLANG_ENABLE_OBJC_WEAK = YES;
				CLANG_WARN_BLOCK_CAPTURE_AUTORELEASING = YES;
				CLANG_WARN_BOOL_CONVERSION = YES;
				CLANG_WARN_COMMA = YES;
				CLANG_WARN_CONSTANT_CONVERSION = YES;
				CLANG_WARN_DEPRECATED_OBJC_IMPLEMENTATIONS = YES;
				CLANG_WARN_DIRECT_OBJC_ISA_USAGE = YES_ERROR;
				CLANG_WARN_DOCUMENTATION_COMMENTS = YES;
				CLANG_WARN_EMPTY_BODY = YES;
				CLANG_WARN_ENUM_CONVERSION = YES;
				CLANG_WARN_INFINITE_RECURSION = YES;
				CLANG_WARN_INT_CONVERSION = YES;
				CLANG_WARN_NON_LITERAL_NULL_CONVERSION = YES;
				CLANG_WARN_OBJC_IMPLICIT_RETAIN_SELF = YES;
				CLANG_WARN_OBJC_LITERAL_CONVERSION = YES;
				CLANG_WARN_OBJC_ROOT_CLASS = YES_ERROR;
				CLANG_WARN_QUOTED_INCLUDE_IN_FRAMEWORK_HEADER = YES;
				CLANG_WARN_RANGE_LOOP_ANALYSIS = YES;
				CLANG_WARN_STRICT_PROTOTYPES = YES;
				CLANG_WARN_SUSPICIOUS_MOVE = YES;
				CLANG_WARN_UNGUARDED_AVAILABILITY = YES_AGGRESSIVE;
				CLANG_WARN_UNREACHABLE_CODE = YES;
				CLANG_WARN__DUPLICATE_METHOD_MATCH = YES;
				COPY_PHASE_STRIP = NO;
				DEBUG_INFORMATION_FORMAT = "dwarf-with-dsym";
				ENABLE_NS_ASSERTIONS = NO;
				ENABLE_STRICT_OBJC_MSGSEND = YES;
				ENABLE_USER_SCRIPT_SANDBOXING = NO;
				GCC_C_LANGUAGE_STANDARD = gnu17;
				GCC_NO_COMMON_BLOCKS = YES;
				GCC_WARN_64_TO_32_BIT_CONVERSION = YES;
				GCC_WARN_ABOUT_RETURN_TYPE = YES_ERROR;
				GCC_WARN_UNDECLARED_SELECTOR = YES;
				GCC_WARN_UNINITIALIZED_AUTOS = YES_AGGRESSIVE;
				GCC_WARN_UNUSED_FUNCTION = YES;
				GCC_WARN_UNUSED_VARIABLE = YES;
				IPHONEOS_DEPLOYMENT_TARGET = 16.0;
				LOCALIZATION_PREFERS_STRING_CATALOGS = YES;
				MTL_ENABLE_DEBUG_INFO = NO;
				MTL_FAST_MATH = YES;
				SDKROOT = iphoneos;
				SWIFT_COMPILATION_MODE = wholemodule;
				VALIDATE_PRODUCT = YES;
			};
			name = Release;
		};
		DD369BE02CCD35520022331E /* Debug */ = {
			isa = XCBuildConfiguration;
			baseConfigurationReference = 37CB1DFF58D50F949428E6CA /* Pods-TrainStat.debug.xcconfig */;
			buildSettings = {
				ASSETCATALOG_COMPILER_APPICON_NAME = AppIcon;
				ASSETCATALOG_COMPILER_GLOBAL_ACCENT_COLOR_NAME = AccentColor;
				CODE_SIGN_STYLE = Automatic;
				CURRENT_PROJECT_VERSION = 1;
				DEVELOPMENT_TEAM = J2F6X98HJC;
				GENERATE_INFOPLIST_FILE = YES;
				INFOPLIST_FILE = TrainStat/Info.plist;
				INFOPLIST_KEY_UIApplicationSupportsIndirectInputEvents = YES;
				INFOPLIST_KEY_UILaunchStoryboardName = LaunchScreen;
				INFOPLIST_KEY_UISupportedInterfaceOrientations = UIInterfaceOrientationPortrait;
				INFOPLIST_KEY_UISupportedInterfaceOrientations_iPad = "UIInterfaceOrientationLandscapeLeft UIInterfaceOrientationLandscapeRight UIInterfaceOrientationPortrait UIInterfaceOrientationPortraitUpsideDown";
				IPHONEOS_DEPLOYMENT_TARGET = 17.0;
				LD_RUNPATH_SEARCH_PATHS = (
					"$(inherited)",
					"@executable_path/Frameworks",
				);
				MARKETING_VERSION = 1.0;
				PRODUCT_BUNDLE_IDENTIFIER = "Prosto-PoKrasote.TrainStat";
				PRODUCT_NAME = "$(TARGET_NAME)";
				SUPPORTED_PLATFORMS = "iphoneos iphonesimulator";
				SUPPORTS_MACCATALYST = NO;
				SUPPORTS_MAC_DESIGNED_FOR_IPHONE_IPAD = NO;
				SUPPORTS_XR_DESIGNED_FOR_IPHONE_IPAD = NO;
				SWIFT_EMIT_LOC_STRINGS = YES;
				SWIFT_VERSION = 5.0;
				TARGETED_DEVICE_FAMILY = 1;
			};
			name = Debug;
		};
		DD369BE12CCD35520022331E /* Release */ = {
			isa = XCBuildConfiguration;
			baseConfigurationReference = B39E688E2DE8B45694F2E376 /* Pods-TrainStat.release.xcconfig */;
			buildSettings = {
				ASSETCATALOG_COMPILER_APPICON_NAME = AppIcon;
				ASSETCATALOG_COMPILER_GLOBAL_ACCENT_COLOR_NAME = AccentColor;
				CODE_SIGN_STYLE = Automatic;
				CURRENT_PROJECT_VERSION = 1;
				DEVELOPMENT_TEAM = J2F6X98HJC;
				GENERATE_INFOPLIST_FILE = YES;
				INFOPLIST_FILE = TrainStat/Info.plist;
				INFOPLIST_KEY_UIApplicationSupportsIndirectInputEvents = YES;
				INFOPLIST_KEY_UILaunchStoryboardName = LaunchScreen;
				INFOPLIST_KEY_UISupportedInterfaceOrientations = UIInterfaceOrientationPortrait;
				INFOPLIST_KEY_UISupportedInterfaceOrientations_iPad = "UIInterfaceOrientationLandscapeLeft UIInterfaceOrientationLandscapeRight UIInterfaceOrientationPortrait UIInterfaceOrientationPortraitUpsideDown";
				IPHONEOS_DEPLOYMENT_TARGET = 17.0;
				LD_RUNPATH_SEARCH_PATHS = (
					"$(inherited)",
					"@executable_path/Frameworks",
				);
				MARKETING_VERSION = 1.0;
				PRODUCT_BUNDLE_IDENTIFIER = "Prosto-PoKrasote.TrainStat";
				PRODUCT_NAME = "$(TARGET_NAME)";
				SUPPORTED_PLATFORMS = "iphoneos iphonesimulator";
				SUPPORTS_MACCATALYST = NO;
				SUPPORTS_MAC_DESIGNED_FOR_IPHONE_IPAD = NO;
				SUPPORTS_XR_DESIGNED_FOR_IPHONE_IPAD = NO;
				SWIFT_EMIT_LOC_STRINGS = YES;
				SWIFT_VERSION = 5.0;
				TARGETED_DEVICE_FAMILY = 1;
			};
			name = Release;
		};
/* End XCBuildConfiguration section */

/* Begin XCConfigurationList section */
		DD369BC62CCD35510022331E /* Build configuration list for PBXProject "TrainStat" */ = {
			isa = XCConfigurationList;
			buildConfigurations = (
				DD369BDD2CCD35520022331E /* Debug */,
				DD369BDE2CCD35520022331E /* Release */,
			);
			defaultConfigurationIsVisible = 0;
			defaultConfigurationName = Release;
		};
		DD369BDF2CCD35520022331E /* Build configuration list for PBXNativeTarget "TrainStat" */ = {
			isa = XCConfigurationList;
			buildConfigurations = (
				DD369BE02CCD35520022331E /* Debug */,
				DD369BE12CCD35520022331E /* Release */,
			);
			defaultConfigurationIsVisible = 0;
			defaultConfigurationName = Release;
		};
/* End XCConfigurationList section */

/* Begin XCRemoteSwiftPackageReference section */
		DD5E02A82D11DF3600CBB074 /* XCRemoteSwiftPackageReference "ChartView" */ = {
			isa = XCRemoteSwiftPackageReference;
			repositoryURL = "https://github.com/AppPear/ChartView";
			requirement = {
				kind = upToNextMajorVersion;
				minimumVersion = 1.5.5;
			};
		};
/* End XCRemoteSwiftPackageReference section */

/* Begin XCSwiftPackageProductDependency section */
		DD5E02A92D11DF3600CBB074 /* SwiftUICharts */ = {
			isa = XCSwiftPackageProductDependency;
			package = DD5E02A82D11DF3600CBB074 /* XCRemoteSwiftPackageReference "ChartView" */;
			productName = SwiftUICharts;
		};
/* End XCSwiftPackageProductDependency section */

/* Begin XCVersionGroup section */
		DD3F24F32CEE7D24009E90D1 /* CoreDataModel.xcdatamodeld */ = {
			isa = XCVersionGroup;
			children = (
				DD3F24F42CEE7D24009E90D1 /* CoreDataModel.xcdatamodel */,
			);
			currentVersion = DD3F24F42CEE7D24009E90D1 /* CoreDataModel.xcdatamodel */;
			path = CoreDataModel.xcdatamodeld;
			sourceTree = "<group>";
			versionGroupType = wrapper.xcdatamodel;
		};
/* End XCVersionGroup section */
	};
	rootObject = DD369BC32CCD35510022331E /* Project object */;
}
